
Microsoft Visual Studio Solution File, Format Version 12.00
# Visual Studio 14
VisualStudioVersion = 14.0.25420.1
MinimumVisualStudioVersion = 10.0.40219.1
Project("{2150E333-8FDC-42A3-9474-1A3956D46DE8}") = "Clients", "Clients", "{B37DB852-DE22-4362-8E0A-E4E400C94F2D}"
EndProject
Project("{2150E333-8FDC-42A3-9474-1A3956D46DE8}") = "Tests", "Tests", "{D764A922-9B85-4596-95FF-C78C6DCBCC46}"
EndProject
Project("{FAE04EC0-301F-11D3-BF4B-00C04F79EFBC}") = "Wanderlust.WebClient", "Clients\Wanderlust.WebClient\Wanderlust.WebClient.csproj", "{6B8B1571-365B-4F01-BCCF-42D2393556AA}"
EndProject
Project("{FAE04EC0-301F-11D3-BF4B-00C04F79EFBC}") = "Wanderlust.UnitTests", "Tests\Wanderlust.UnitTests\Wanderlust.UnitTests.csproj", "{20497DC6-C8C2-4715-9D6E-C044ABB0CEA6}"
EndProject
Global
	GlobalSection(SolutionConfigurationPlatforms) = preSolution
		Debug|Any CPU = Debug|Any CPU
		Release|Any CPU = Release|Any CPU
	EndGlobalSection
	GlobalSection(ProjectConfigurationPlatforms) = postSolution
		{6B8B1571-365B-4F01-BCCF-42D2393556AA}.Debug|Any CPU.ActiveCfg = Debug|Any CPU
		{6B8B1571-365B-4F01-BCCF-42D2393556AA}.Debug|Any CPU.Build.0 = Debug|Any CPU
		{6B8B1571-365B-4F01-BCCF-42D2393556AA}.Release|Any CPU.ActiveCfg = Release|Any CPU
		{6B8B1571-365B-4F01-BCCF-42D2393556AA}.Release|Any CPU.Build.0 = Release|Any CPU
		{20497DC6-C8C2-4715-9D6E-C044ABB0CEA6}.Debug|Any CPU.ActiveCfg = Debug|Any CPU
		{20497DC6-C8C2-4715-9D6E-C044ABB0CEA6}.Debug|Any CPU.Build.0 = Debug|Any CPU
		{20497DC6-C8C2-4715-9D6E-C044ABB0CEA6}.Release|Any CPU.ActiveCfg = Release|Any CPU
		{20497DC6-C8C2-4715-9D6E-C044ABB0CEA6}.Release|Any CPU.Build.0 = Release|Any CPU
	EndGlobalSection
	GlobalSection(SolutionProperties) = preSolution
		HideSolutionNode = FALSE
	EndGlobalSection
	GlobalSection(NestedProjects) = preSolution
		{6B8B1571-365B-4F01-BCCF-42D2393556AA} = {B37DB852-DE22-4362-8E0A-E4E400C94F2D}
		{20497DC6-C8C2-4715-9D6E-C044ABB0CEA6} = {D764A922-9B85-4596-95FF-C78C6DCBCC46}
	EndGlobalSection
EndGlobal
