
Microsoft Visual Studio Solution File, Format Version 12.00
# Visual Studio 14
VisualStudioVersion = 14.0.25420.1
MinimumVisualStudioVersion = 10.0.40219.1
Project("{2150E333-8FDC-42A3-9474-1A3956D46DE8}") = "Clients", "Clients", "{B37DB852-DE22-4362-8E0A-E4E400C94F2D}"
EndProject
Project("{2150E333-8FDC-42A3-9474-1A3956D46DE8}") = "Tests", "Tests", "{D764A922-9B85-4596-95FF-C78C6DCBCC46}"
EndProject
Project("{FAE04EC0-301F-11D3-BF4B-00C04F79EFBC}") = "Wanderlust.WebClient", "Clients\Wanderlust.WebClient\Wanderlust.WebClient.csproj", "{6B8B1571-365B-4F01-BCCF-42D2393556AA}"
EndProject
Project("{2150E333-8FDC-42A3-9474-1A3956D46DE8}") = "Business", "Business", "{BA7B0727-0F86-4075-AF2D-874401021D97}"
EndProject
Project("{FAE04EC0-301F-11D3-BF4B-00C04F79EFBC}") = "Wanderlust.Business.Data", "Business\Wanderlust.Business.Data\Wanderlust.Business.Data.csproj", "{2D2219BD-78BC-4CE1-A1A9-9C6EB14C60AE}"
EndProject
Project("{FAE04EC0-301F-11D3-BF4B-00C04F79EFBC}") = "Wanderlust.Business.Models", "Business\Wanderlust.Business.Models\Wanderlust.Business.Models.csproj", "{F51860D2-1411-42F8-A265-17DC157105A9}"
EndProject
Project("{FAE04EC0-301F-11D3-BF4B-00C04F79EFBC}") = "Wanderlust.Business.Identity", "Business\Wanderlust.Business.Identity\Wanderlust.Business.Identity.csproj", "{95172D8B-EBAA-455A-8AE0-3CB3D717ADAD}"
EndProject
Project("{FAE04EC0-301F-11D3-BF4B-00C04F79EFBC}") = "Wanderlust.Business.Common", "Business\Wanderlust.Business.Common\Wanderlust.Business.Common.csproj", "{0955FE72-1C2D-4BF7-B238-482FF11941FF}"
EndProject
Project("{FAE04EC0-301F-11D3-BF4B-00C04F79EFBC}") = "Wanderlust.Business.Services", "Business\Wanderlust.Business.Services\Wanderlust.Business.Services.csproj", "{3D0D09C5-800A-4FF8-8D6B-C069718B8D8E}"
EndProject
Project("{FAE04EC0-301F-11D3-BF4B-00C04F79EFBC}") = "Wanderlust.Business.Models.UnitTests", "Tests\Wanderlust.Business.Models.UnitTests\Wanderlust.Business.Models.UnitTests.csproj", "{75813C71-169F-4F45-9319-880009AA221F}"
EndProject
Project("{FAE04EC0-301F-11D3-BF4B-00C04F79EFBC}") = "Wanderlust.Business.Data.UnitTests", "Tests\Wanderlust.Business.Data.UnitTests\Wanderlust.Business.Data.UnitTests.csproj", "{20497DC6-C8C2-4715-9D6E-C044ABB0CEA6}"
EndProject
Project("{FAE04EC0-301F-11D3-BF4B-00C04F79EFBC}") = "Wanderlust.Business.Services.UnitTests", "Tests\Wanderlust.Business.Services.UnitTests\Wanderlust.Business.Services.UnitTests.csproj", "{D3843BCF-14C3-4C42-8DDF-7150F5E80C6D}"
EndProject
Project("{FAE04EC0-301F-11D3-BF4B-00C04F79EFBC}") = "Wanderlust.WebClient.UnitTests", "Tests\Wanderlust.WebClient.UnitTests\Wanderlust.WebClient.UnitTests.csproj", "{8FDB1733-37A9-4BB2-8332-0463DC945B05}"
EndProject
Global
	GlobalSection(SolutionConfigurationPlatforms) = preSolution
		Debug|Any CPU = Debug|Any CPU
		Release|Any CPU = Release|Any CPU
	EndGlobalSection
	GlobalSection(ProjectConfigurationPlatforms) = postSolution
		{6B8B1571-365B-4F01-BCCF-42D2393556AA}.Debug|Any CPU.ActiveCfg = Debug|Any CPU
		{6B8B1571-365B-4F01-BCCF-42D2393556AA}.Debug|Any CPU.Build.0 = Debug|Any CPU
		{6B8B1571-365B-4F01-BCCF-42D2393556AA}.Release|Any CPU.ActiveCfg = Release|Any CPU
		{6B8B1571-365B-4F01-BCCF-42D2393556AA}.Release|Any CPU.Build.0 = Release|Any CPU
		{2D2219BD-78BC-4CE1-A1A9-9C6EB14C60AE}.Debug|Any CPU.ActiveCfg = Debug|Any CPU
		{2D2219BD-78BC-4CE1-A1A9-9C6EB14C60AE}.Debug|Any CPU.Build.0 = Debug|Any CPU
		{2D2219BD-78BC-4CE1-A1A9-9C6EB14C60AE}.Release|Any CPU.ActiveCfg = Release|Any CPU
		{2D2219BD-78BC-4CE1-A1A9-9C6EB14C60AE}.Release|Any CPU.Build.0 = Release|Any CPU
		{F51860D2-1411-42F8-A265-17DC157105A9}.Debug|Any CPU.ActiveCfg = Debug|Any CPU
		{F51860D2-1411-42F8-A265-17DC157105A9}.Debug|Any CPU.Build.0 = Debug|Any CPU
		{F51860D2-1411-42F8-A265-17DC157105A9}.Release|Any CPU.ActiveCfg = Release|Any CPU
		{F51860D2-1411-42F8-A265-17DC157105A9}.Release|Any CPU.Build.0 = Release|Any CPU
		{95172D8B-EBAA-455A-8AE0-3CB3D717ADAD}.Debug|Any CPU.ActiveCfg = Debug|Any CPU
		{95172D8B-EBAA-455A-8AE0-3CB3D717ADAD}.Debug|Any CPU.Build.0 = Debug|Any CPU
		{95172D8B-EBAA-455A-8AE0-3CB3D717ADAD}.Release|Any CPU.ActiveCfg = Release|Any CPU
		{95172D8B-EBAA-455A-8AE0-3CB3D717ADAD}.Release|Any CPU.Build.0 = Release|Any CPU
		{0955FE72-1C2D-4BF7-B238-482FF11941FF}.Debug|Any CPU.ActiveCfg = Debug|Any CPU
		{0955FE72-1C2D-4BF7-B238-482FF11941FF}.Debug|Any CPU.Build.0 = Debug|Any CPU
		{0955FE72-1C2D-4BF7-B238-482FF11941FF}.Release|Any CPU.ActiveCfg = Release|Any CPU
		{0955FE72-1C2D-4BF7-B238-482FF11941FF}.Release|Any CPU.Build.0 = Release|Any CPU
		{3D0D09C5-800A-4FF8-8D6B-C069718B8D8E}.Debug|Any CPU.ActiveCfg = Debug|Any CPU
		{3D0D09C5-800A-4FF8-8D6B-C069718B8D8E}.Debug|Any CPU.Build.0 = Debug|Any CPU
		{3D0D09C5-800A-4FF8-8D6B-C069718B8D8E}.Release|Any CPU.ActiveCfg = Release|Any CPU
		{3D0D09C5-800A-4FF8-8D6B-C069718B8D8E}.Release|Any CPU.Build.0 = Release|Any CPU
		{75813C71-169F-4F45-9319-880009AA221F}.Debug|Any CPU.ActiveCfg = Debug|Any CPU
		{75813C71-169F-4F45-9319-880009AA221F}.Debug|Any CPU.Build.0 = Debug|Any CPU
		{75813C71-169F-4F45-9319-880009AA221F}.Release|Any CPU.ActiveCfg = Release|Any CPU
		{75813C71-169F-4F45-9319-880009AA221F}.Release|Any CPU.Build.0 = Release|Any CPU
		{20497DC6-C8C2-4715-9D6E-C044ABB0CEA6}.Debug|Any CPU.ActiveCfg = Debug|Any CPU
		{20497DC6-C8C2-4715-9D6E-C044ABB0CEA6}.Debug|Any CPU.Build.0 = Debug|Any CPU
		{20497DC6-C8C2-4715-9D6E-C044ABB0CEA6}.Release|Any CPU.ActiveCfg = Release|Any CPU
		{20497DC6-C8C2-4715-9D6E-C044ABB0CEA6}.Release|Any CPU.Build.0 = Release|Any CPU
		{D3843BCF-14C3-4C42-8DDF-7150F5E80C6D}.Debug|Any CPU.ActiveCfg = Debug|Any CPU
		{D3843BCF-14C3-4C42-8DDF-7150F5E80C6D}.Debug|Any CPU.Build.0 = Debug|Any CPU
		{D3843BCF-14C3-4C42-8DDF-7150F5E80C6D}.Release|Any CPU.ActiveCfg = Release|Any CPU
		{D3843BCF-14C3-4C42-8DDF-7150F5E80C6D}.Release|Any CPU.Build.0 = Release|Any CPU
		{8FDB1733-37A9-4BB2-8332-0463DC945B05}.Debug|Any CPU.ActiveCfg = Debug|Any CPU
		{8FDB1733-37A9-4BB2-8332-0463DC945B05}.Debug|Any CPU.Build.0 = Debug|Any CPU
		{8FDB1733-37A9-4BB2-8332-0463DC945B05}.Release|Any CPU.ActiveCfg = Release|Any CPU
		{8FDB1733-37A9-4BB2-8332-0463DC945B05}.Release|Any CPU.Build.0 = Release|Any CPU
	EndGlobalSection
	GlobalSection(SolutionProperties) = preSolution
		HideSolutionNode = FALSE
	EndGlobalSection
	GlobalSection(NestedProjects) = preSolution
		{6B8B1571-365B-4F01-BCCF-42D2393556AA} = {B37DB852-DE22-4362-8E0A-E4E400C94F2D}
		{2D2219BD-78BC-4CE1-A1A9-9C6EB14C60AE} = {BA7B0727-0F86-4075-AF2D-874401021D97}
		{F51860D2-1411-42F8-A265-17DC157105A9} = {BA7B0727-0F86-4075-AF2D-874401021D97}
		{95172D8B-EBAA-455A-8AE0-3CB3D717ADAD} = {BA7B0727-0F86-4075-AF2D-874401021D97}
		{0955FE72-1C2D-4BF7-B238-482FF11941FF} = {BA7B0727-0F86-4075-AF2D-874401021D97}
		{3D0D09C5-800A-4FF8-8D6B-C069718B8D8E} = {BA7B0727-0F86-4075-AF2D-874401021D97}
		{75813C71-169F-4F45-9319-880009AA221F} = {D764A922-9B85-4596-95FF-C78C6DCBCC46}
		{20497DC6-C8C2-4715-9D6E-C044ABB0CEA6} = {D764A922-9B85-4596-95FF-C78C6DCBCC46}
		{D3843BCF-14C3-4C42-8DDF-7150F5E80C6D} = {D764A922-9B85-4596-95FF-C78C6DCBCC46}
		{8FDB1733-37A9-4BB2-8332-0463DC945B05} = {D764A922-9B85-4596-95FF-C78C6DCBCC46}
	EndGlobalSection
EndGlobal
